<?xml version="1.0" encoding="utf-8"?>
<Project ToolsVersion="17.0" xmlns="http://schemas.microsoft.com/developer/msbuild/2003">
  <ItemGroup>
    <ClCompile Include="C:\Users\adama\OneDrive\Dokumenter\GitHub\CMake_Practice\Step1\tutorial.cxx">
      <Filter>Source Files</Filter>
    </ClCompile>
  </ItemGroup>
  <ItemGroup>
    <CustomBuild Include="C:\Users\adama\OneDrive\Dokumenter\GitHub\CMake_Practice\Step1\CMakeLists.txt" />
  </ItemGroup>
  <ItemGroup>
    <Filter Include="Source Files">
      <UniqueIdentifier>{1E5E330A-3F6F-3698-B18F-F955C14CA675}</UniqueIdentifier>
    </Filter>
  </ItemGroup>
</Project>
